
Microsoft Visual Studio Solution File, Format Version 12.00
# Visual Studio Version 17
VisualStudioVersion = 17.4.33122.133
MinimumVisualStudioVersion = 10.0.40219.1
Project("{9A19103F-16F7-4668-BE54-9A1E7A4F7556}") = "PuzzleSolver", "PuzzleSolver\PuzzleSolver.csproj", "{C09B67C9-0B08-425E-ABFF-B11EE0C3C91E}"
EndProject
Project("{2150E333-8FDC-42A3-9474-1A3956D46DE8}") = "Inputs", "Inputs", "{1B32A859-E4A4-4565-BCA3-C4465607E1B0}"
	ProjectSection(SolutionItems) = preProject
		Inputs\Day01.txt = Inputs\Day01.txt
		Inputs\Day02.txt = Inputs\Day02.txt
	EndProjectSection
EndProject
Project("{9A19103F-16F7-4668-BE54-9A1E7A4F7556}") = "Solvers", "Solvers\Solvers.csproj", "{02615387-77C7-4B43-8079-6CA3A8F2BFE3}"
EndProject
Global
	GlobalSection(SolutionConfigurationPlatforms) = preSolution
		Debug|Any CPU = Debug|Any CPU
		Release|Any CPU = Release|Any CPU
	EndGlobalSection
	GlobalSection(ProjectConfigurationPlatforms) = postSolution
		{C09B67C9-0B08-425E-ABFF-B11EE0C3C91E}.Debug|Any CPU.ActiveCfg = Debug|Any CPU
		{C09B67C9-0B08-425E-ABFF-B11EE0C3C91E}.Debug|Any CPU.Build.0 = Debug|Any CPU
		{C09B67C9-0B08-425E-ABFF-B11EE0C3C91E}.Release|Any CPU.ActiveCfg = Release|Any CPU
		{C09B67C9-0B08-425E-ABFF-B11EE0C3C91E}.Release|Any CPU.Build.0 = Release|Any CPU
		{02615387-77C7-4B43-8079-6CA3A8F2BFE3}.Debug|Any CPU.ActiveCfg = Debug|Any CPU
		{02615387-77C7-4B43-8079-6CA3A8F2BFE3}.Debug|Any CPU.Build.0 = Debug|Any CPU
		{02615387-77C7-4B43-8079-6CA3A8F2BFE3}.Release|Any CPU.ActiveCfg = Release|Any CPU
		{02615387-77C7-4B43-8079-6CA3A8F2BFE3}.Release|Any CPU.Build.0 = Release|Any CPU
	EndGlobalSection
	GlobalSection(SolutionProperties) = preSolution
		HideSolutionNode = FALSE
	EndGlobalSection
	GlobalSection(ExtensibilityGlobals) = postSolution
		SolutionGuid = {E7F2BAAF-D076-4D19-843F-C533EAF26FB8}
	EndGlobalSection
EndGlobal
